
Microsoft Visual Studio Solution File, Format Version 12.00
# Visual Studio Version 16
VisualStudioVersion = 16.0.32106.194
MinimumVisualStudioVersion = 10.0.40219.1
Project("{FAE04EC0-301F-11D3-BF4B-00C04F79EFBC}") = "DataAccess", "DataAccess\DataAccess.csproj", "{D8242FFA-1443-4F9C-99FB-C034853F8AF3}"
EndProject
Project("{FAE04EC0-301F-11D3-BF4B-00C04F79EFBC}") = "Business", "Business\Business.csproj", "{4DABFEB4-0E13-4D92-A7B3-74E69D69642F}"
EndProject
Project("{FAE04EC0-301F-11D3-BF4B-00C04F79EFBC}") = "Entities", "Entities\Entities.csproj", "{2B83DECA-DA41-4038-9ABC-E4CD132C7F71}"
EndProject
Project("{FAE04EC0-301F-11D3-BF4B-00C04F79EFBC}") = "ConsoleUI", "ConsoleUI\ConsoleUI.csproj", "{7D5B4311-0D85-46CD-9360-4D72FC41795A}"
EndProject
Project("{FAE04EC0-301F-11D3-BF4B-00C04F79EFBC}") = "Core", "Core\Core.csproj", "{02999424-8197-446F-85BA-920F8E631A0F}"
EndProject
Global
	GlobalSection(SolutionConfigurationPlatforms) = preSolution
		Debug|Any CPU = Debug|Any CPU
		Release|Any CPU = Release|Any CPU
	EndGlobalSection
	GlobalSection(ProjectConfigurationPlatforms) = postSolution
		{D8242FFA-1443-4F9C-99FB-C034853F8AF3}.Debug|Any CPU.ActiveCfg = Debug|Any CPU
		{D8242FFA-1443-4F9C-99FB-C034853F8AF3}.Debug|Any CPU.Build.0 = Debug|Any CPU
		{D8242FFA-1443-4F9C-99FB-C034853F8AF3}.Release|Any CPU.ActiveCfg = Release|Any CPU
		{D8242FFA-1443-4F9C-99FB-C034853F8AF3}.Release|Any CPU.Build.0 = Release|Any CPU
		{4DABFEB4-0E13-4D92-A7B3-74E69D69642F}.Debug|Any CPU.ActiveCfg = Debug|Any CPU
		{4DABFEB4-0E13-4D92-A7B3-74E69D69642F}.Debug|Any CPU.Build.0 = Debug|Any CPU
		{4DABFEB4-0E13-4D92-A7B3-74E69D69642F}.Release|Any CPU.ActiveCfg = Release|Any CPU
		{4DABFEB4-0E13-4D92-A7B3-74E69D69642F}.Release|Any CPU.Build.0 = Release|Any CPU
		{2B83DECA-DA41-4038-9ABC-E4CD132C7F71}.Debug|Any CPU.ActiveCfg = Debug|Any CPU
		{2B83DECA-DA41-4038-9ABC-E4CD132C7F71}.Debug|Any CPU.Build.0 = Debug|Any CPU
		{2B83DECA-DA41-4038-9ABC-E4CD132C7F71}.Release|Any CPU.ActiveCfg = Release|Any CPU
		{2B83DECA-DA41-4038-9ABC-E4CD132C7F71}.Release|Any CPU.Build.0 = Release|Any CPU
		{7D5B4311-0D85-46CD-9360-4D72FC41795A}.Debug|Any CPU.ActiveCfg = Debug|Any CPU
		{7D5B4311-0D85-46CD-9360-4D72FC41795A}.Debug|Any CPU.Build.0 = Debug|Any CPU
		{7D5B4311-0D85-46CD-9360-4D72FC41795A}.Release|Any CPU.ActiveCfg = Release|Any CPU
		{7D5B4311-0D85-46CD-9360-4D72FC41795A}.Release|Any CPU.Build.0 = Release|Any CPU
		{02999424-8197-446F-85BA-920F8E631A0F}.Debug|Any CPU.ActiveCfg = Debug|Any CPU
		{02999424-8197-446F-85BA-920F8E631A0F}.Debug|Any CPU.Build.0 = Debug|Any CPU
		{02999424-8197-446F-85BA-920F8E631A0F}.Release|Any CPU.ActiveCfg = Release|Any CPU
		{02999424-8197-446F-85BA-920F8E631A0F}.Release|Any CPU.Build.0 = Release|Any CPU
	EndGlobalSection
	GlobalSection(SolutionProperties) = preSolution
		HideSolutionNode = FALSE
	EndGlobalSection
	GlobalSection(ExtensibilityGlobals) = postSolution
		SolutionGuid = {96D4FCB6-BB56-4508-887D-21B554B851C7}
	EndGlobalSection
EndGlobal
